{
  "name": "pushup",
  "version": "0.0.0",
  "lockfileVersion": 1,
  "requires": true,
  "dependencies": {
    "angular": {
      "version": "1.7.9",
      "resolved": "https://registry.npmjs.org/angular/-/angular-1.7.9.tgz",
      "integrity": "sha512-5se7ZpcOtu0MBFlzGv5dsM1quQDoDeUTwZrWjGtTNA7O88cD8TEk5IEKCTDa3uECV9XnvKREVUr7du1ACiWGFQ=="
    },
    "angular-animate": {
      "version": "1.6.7",
      "resolved": "https://registry.npmjs.org/angular-animate/-/angular-animate-1.6.7.tgz",
      "integrity": "sha1-vG2+ahkNAZpvuyxzc9QPAc/XWJk="
    },
    "angular-cookies": {
      "version": "1.6.7",
      "resolved": "https://registry.npmjs.org/angular-cookies/-/angular-cookies-1.6.7.tgz",
      "integrity": "sha1-hBuMG6bRAdiG8Wdr2k3BrZCVrUw="
    },
    "angular-elastic": {
      "version": "2.5.1",
      "resolved": "https://registry.npmjs.org/angular-elastic/-/angular-elastic-2.5.1.tgz",
      "integrity": "sha1-6TirG9jHZBW4ymUUsV/jWTpd9TU=",
      "requires": {
        "angular": "1.6.7"
      },
      "dependencies": {
        "angular": {
          "version": "1.6.7",
          "resolved": "https://registry.npmjs.org/angular/-/angular-1.6.7.tgz",
          "integrity": "sha1-D4mDfa4XdrAcyx+iCW2w2Tc9mJc="
        }
      }
    },
    "angular-file-saver": {
      "version": "1.1.3",
      "resolved": "https://registry.npmjs.org/angular-file-saver/-/angular-file-saver-1.1.3.tgz",
      "integrity": "sha1-3K7AaVIU8iakyq/IwW0hqaYffRs=",
      "requires": {
        "blob-tmp": "1.0.0",
        "file-saver": "1.3.3"
      }
    },
    "angular-gravatar": {
      "version": "0.4.2",
      "resolved": "https://registry.npmjs.org/angular-gravatar/-/angular-gravatar-0.4.2.tgz",
      "integrity": "sha1-kfChhgCx4WuTjZR0dKiJBTrDP5c=",
      "requires": {
        "angular": "1.6.7"
      },
      "dependencies": {
        "angular": {
          "version": "1.6.7",
          "resolved": "https://registry.npmjs.org/angular/-/angular-1.6.7.tgz",
          "integrity": "sha1-D4mDfa4XdrAcyx+iCW2w2Tc9mJc="
        }
      }
    },
    "angular-route": {
      "version": "1.6.7",
      "resolved": "https://registry.npmjs.org/angular-route/-/angular-route-1.6.7.tgz",
      "integrity": "sha1-Aglw2T2LLOTKav8ODXkiV5VDy88="
    },
    "blob-tmp": {
      "version": "1.0.0",
      "resolved": "https://registry.npmjs.org/blob-tmp/-/blob-tmp-1.0.0.tgz",
      "integrity": "sha1-3oJJHiIv8TVMd6k+6OTqLIlUQnM="
    },
    "bootstrap": {
      "version": "4.0.0-beta.2",
      "resolved": "https://registry.npmjs.org/bootstrap/-/bootstrap-4.0.0-beta.2.tgz",
      "integrity": "sha512-DzGtdTlKbrMoGMpz0LigKSqJ+MgtFKxA791PU/q062OlRG0HybNZcTLH7rpDAmLS66Y3esN9yzKHLLbqa5UR3w=="
    },
    "file-saver": {
      "version": "1.3.3",
      "resolved": "https://registry.npmjs.org/file-saver/-/file-saver-1.3.3.tgz",
      "integrity": "sha1-zdTETTqiZOrC9o7BZbx5HDSvEjI="
    },
    "fingerprintjs2": {
      "version": "1.6.1",
      "resolved": "https://registry.npmjs.org/fingerprintjs2/-/fingerprintjs2-1.6.1.tgz",
      "integrity": "sha1-5fOvNDYcdLE+EqOAxRQY2rdtYoA="
    },
    "font-awesome": {
      "version": "4.7.0",
      "resolved": "https://registry.npmjs.org/font-awesome/-/font-awesome-4.7.0.tgz",
      "integrity": "sha1-j6jPBBGhoxr9B7BtKQK7n8gVoTM="
    },
    "jquery": {
      "version": "3.2.1",
      "resolved": "https://registry.npmjs.org/jquery/-/jquery-3.2.1.tgz",
      "integrity": "sha1-XE2d5lKvbNCncBVKYxu6ErAVx4c="
    },
    "ng-notify": {
      "version": "0.7.1",
      "resolved": "https://registry.npmjs.org/ng-notify/-/ng-notify-0.7.1.tgz",
      "integrity": "sha1-EYhFmfwXQ8bxbV5rDM9r8i5Dmqk="
    },
    "popper.js": {
      "version": "1.12.9",
      "resolved": "https://registry.npmjs.org/popper.js/-/popper.js-1.12.9.tgz",
      "integrity": "sha1-DfvC3/lsRRuzMu3Pz6r1ZtMx1bM="
    }
  }
}
